// !$*UTF8*$!
{
	archiveVersion = 1;
	classes = {
	};
	objectVersion = 77;
	objects = {

/* Begin PBXContainerItemProxy section */
		FEE14E3E2D7F82A30056499D /* PBXContainerItemProxy */ = {
			isa = PBXContainerItemProxy;
			containerPortal = FEE14E252D7F829C0056499D /* Project object */;
			proxyType = 1;
			remoteGlobalIDString = FEE14E2C2D7F829C0056499D;
			remoteInfo = iAssistApp;
		};
		FEE14E482D7F82A30056499D /* PBXContainerItemProxy */ = {
			isa = PBXContainerItemProxy;
			containerPortal = FEE14E252D7F829C0056499D /* Project object */;
			proxyType = 1;
			remoteGlobalIDString = FEE14E2C2D7F829C0056499D;
			remoteInfo = iAssistApp;
		};
/* End PBXContainerItemProxy section */

/* Begin PBXFileReference section */
		FEE14E2D2D7F829C0056499D /* iAssistApp.app */ = {isa = PBXFileReference; explicitFileType = wrapper.application; includeInIndex = 0; path = iAssistApp.app; sourceTree = BUILT_PRODUCTS_DIR; };
		FEE14E3D2D7F82A30056499D /* iAssistAppTests.xctest */ = {isa = PBXFileReference; explicitFileType = wrapper.cfbundle; includeInIndex = 0; path = iAssistAppTests.xctest; sourceTree = BUILT_PRODUCTS_DIR; };
		FEE14E472D7F82A30056499D /* iAssistAppUITests.xctest */ = {isa = PBXFileReference; explicitFileType = wrapper.cfbundle; includeInIndex = 0; path = iAssistAppUITests.xctest; sourceTree = BUILT_PRODUCTS_DIR; };
/* End PBXFileReference section */

/* Begin PBXFileSystemSynchronizedBuildFileExceptionSet section */
		C8DAB56B2DBF2CBD00EE97DC /* Exceptions for "iAssistApp" folder in "iAssistApp" target */ = {
			isa = PBXFileSystemSynchronizedBuildFileExceptionSet;
			membershipExceptions = (
				Info.plist,
			);
			target = FEE14E2C2D7F829C0056499D /* iAssistApp */;
		};
/* End PBXFileSystemSynchronizedBuildFileExceptionSet section */

/* Begin PBXFileSystemSynchronizedRootGroup section */
		FEE14E2F2D7F829C0056499D /* iAssistApp */ = {
			isa = PBXFileSystemSynchronizedRootGroup;
			exceptions = (
				C8DAB56B2DBF2CBD00EE97DC /* Exceptions for "iAssistApp" folder in "iAssistApp" target */,
			);
			path = iAssistApp;
			sourceTree = "<group>";
		};
		FEE14E402D7F82A30056499D /* iAssistAppTests */ = {
			isa = PBXFileSystemSynchronizedRootGroup;
			path = iAssistAppTests;
			sourceTree = "<group>";
		};
		FEE14E4A2D7F82A30056499D /* iAssistAppUITests */ = {
			isa = PBXFileSystemSynchronizedRootGroup;
			path = iAssistAppUITests;
			sourceTree = "<group>";
		};
/* End PBXFileSystemSynchronizedRootGroup section */

/* Begin PBXFrameworksBuildPhase section */
		FEE14E2A2D7F829C0056499D /* Frameworks */ = {
			isa = PBXFrameworksBuildPhase;
			buildActionMask = 2147483647;
			files = (
			);
			runOnlyForDeploymentPostprocessing = 0;
		};
		FEE14E3A2D7F82A30056499D /* Frameworks */ = {
			isa = PBXFrameworksBuildPhase;
			buildActionMask = 2147483647;
			files = (
			);
			runOnlyForDeploymentPostprocessing = 0;
		};
		FEE14E442D7F82A30056499D /* Frameworks */ = {
			isa = PBXFrameworksBuildPhase;
			buildActionMask = 2147483647;
			files = (
			);
			runOnlyForDeploymentPostprocessing = 0;
		};
/* End PBXFrameworksBuildPhase section */

/* Begin PBXGroup section */
		FEE14E242D7F829C0056499D = {
			isa = PBXGroup;
			children = (
				FEE14E2F2D7F829C0056499D /* iAssistApp */,
				FEE14E402D7F82A30056499D /* iAssistAppTests */,
				FEE14E4A2D7F82A30056499D /* iAssistAppUITests */,
				FEE14E2E2D7F829C0056499D /* Products */,
			);
			sourceTree = "<group>";
		};
		FEE14E2E2D7F829C0056499D /* Products */ = {
			isa = PBXGroup;
			children = (
				FEE14E2D2D7F829C0056499D /* iAssistApp.app */,
				FEE14E3D2D7F82A30056499D /* iAssistAppTests.xctest */,
				FEE14E472D7F82A30056499D /* iAssistAppUITests.xctest */,
			);
			name = Products;
			sourceTree = "<group>";
		};
/* End PBXGroup section */

/* Begin PBXNativeTarget section */
		FEE14E2C2D7F829C0056499D /* iAssistApp */ = {
			isa = PBXNativeTarget;
			buildConfigurationList = FEE14E512D7F82A30056499D /* Build configuration list for PBXNativeTarget "iAssistApp" */;
			buildPhases = (
				FEE14E292D7F829C0056499D /* Sources */,
				FEE14E2A2D7F829C0056499D /* Frameworks */,
				FEE14E2B2D7F829C0056499D /* Resources */,
			);
			buildRules = (
			);
			dependencies = (
			);
			fileSystemSynchronizedGroups = (
				FEE14E2F2D7F829C0056499D /* iAssistApp */,
			);
			name = iAssistApp;
			packageProductDependencies = (
			);
			productName = iAssistApp;
			productReference = FEE14E2D2D7F829C0056499D /* iAssistApp.app */;
			productType = "com.apple.product-type.application";
		};
		FEE14E3C2D7F82A30056499D /* iAssistAppTests */ = {
			isa = PBXNativeTarget;
			buildConfigurationList = FEE14E542D7F82A30056499D /* Build configuration list for PBXNativeTarget "iAssistAppTests" */;
			buildPhases = (
				FEE14E392D7F82A30056499D /* Sources */,
				FEE14E3A2D7F82A30056499D /* Frameworks */,
				FEE14E3B2D7F82A30056499D /* Resources */,
			);
			buildRules = (
			);
			dependencies = (
				FEE14E3F2D7F82A30056499D /* PBXTargetDependency */,
			);
			fileSystemSynchronizedGroups = (
				FEE14E402D7F82A30056499D /* iAssistAppTests */,
			);
			name = iAssistAppTests;
			packageProductDependencies = (
			);
			productName = iAssistAppTests;
			productReference = FEE14E3D2D7F82A30056499D /* iAssistAppTests.xctest */;
			productType = "com.apple.product-type.bundle.unit-test";
		};
		FEE14E462D7F82A30056499D /* iAssistAppUITests */ = {
			isa = PBXNativeTarget;
			buildConfigurationList = FEE14E572D7F82A30056499D /* Build configuration list for PBXNativeTarget "iAssistAppUITests" */;
			buildPhases = (
				FEE14E432D7F82A30056499D /* Sources */,
				FEE14E442D7F82A30056499D /* Frameworks */,
				FEE14E452D7F82A30056499D /* Resources */,
			);
			buildRules = (
			);
			dependencies = (
				FEE14E492D7F82A30056499D /* PBXTargetDependency */,
			);
			fileSystemSynchronizedGroups = (
				FEE14E4A2D7F82A30056499D /* iAssistAppUITests */,
			);
			name = iAssistAppUITests;
			packageProductDependencies = (
			);
			productName = iAssistAppUITests;
			productReference = FEE14E472D7F82A30056499D /* iAssistAppUITests.xctest */;
			productType = "com.apple.product-type.bundle.ui-testing";
		};
/* End PBXNativeTarget section */

/* Begin PBXProject section */
		FEE14E252D7F829C0056499D /* Project object */ = {
			isa = PBXProject;
			attributes = {
				BuildIndependentTargetsInParallel = 1;
				LastSwiftUpdateCheck = 1620;
				LastUpgradeCheck = 1620;
				TargetAttributes = {
					FEE14E2C2D7F829C0056499D = {
						CreatedOnToolsVersion = 16.2;
					};
					FEE14E3C2D7F82A30056499D = {
						CreatedOnToolsVersion = 16.2;
						TestTargetID = FEE14E2C2D7F829C0056499D;
					};
					FEE14E462D7F82A30056499D = {
						CreatedOnToolsVersion = 16.2;
						TestTargetID = FEE14E2C2D7F829C0056499D;
					};
				};
			};
			buildConfigurationList = FEE14E282D7F829C0056499D /* Build configuration list for PBXProject "iAssistApp" */;
			developmentRegion = en;
			hasScannedForEncodings = 0;
			knownRegions = (
				en,
				Base,
			);
			mainGroup = FEE14E242D7F829C0056499D;
			minimizedProjectReferenceProxies = 1;
			preferredProjectObjectVersion = 77;
			productRefGroup = FEE14E2E2D7F829C0056499D /* Products */;
			projectDirPath = "";
			projectRoot = "";
			targets = (
				FEE14E2C2D7F829C0056499D /* iAssistApp */,
				FEE14E3C2D7F82A30056499D /* iAssistAppTests */,
				FEE14E462D7F82A30056499D /* iAssistAppUITests */,
			);
		};
/* End PBXProject section */

/* Begin PBXResourcesBuildPhase section */
		FEE14E2B2D7F829C0056499D /* Resources */ = {
			isa = PBXResourcesBuildPhase;
			buildActionMask = 2147483647;
			files = (
			);
			runOnlyForDeploymentPostprocessing = 0;
		};
		FEE14E3B2D7F82A30056499D /* Resources */ = {
			isa = PBXResourcesBuildPhase;
			buildActionMask = 2147483647;
			files = (
			);
			runOnlyForDeploymentPostprocessing = 0;
		};
		FEE14E452D7F82A30056499D /* Resources */ = {
			isa = PBXResourcesBuildPhase;
			buildActionMask = 2147483647;
			files = (
			);
			runOnlyForDeploymentPostprocessing = 0;
		};
/* End PBXResourcesBuildPhase section */

/* Begin PBXSourcesBuildPhase section */
		FEE14E292D7F829C0056499D /* Sources */ = {
			isa = PBXSourcesBuildPhase;
			buildActionMask = 2147483647;
			files = (
			);
			runOnlyForDeploymentPostprocessing = 0;
		};
		FEE14E392D7F82A30056499D /* Sources */ = {
			isa = PBXSourcesBuildPhase;
			buildActionMask = 2147483647;
			files = (
			);
			runOnlyForDeploymentPostprocessing = 0;
		};
		FEE14E432D7F82A30056499D /* Sources */ = {
			isa = PBXSourcesBuildPhase;
			buildActionMask = 2147483647;
			files = (
			);
			runOnlyForDeploymentPostprocessing = 0;
		};
/* End PBXSourcesBuildPhase section */

/* Begin PBXTargetDependency section */
		FEE14E3F2D7F82A30056499D /* PBXTargetDependency */ = {
			isa = PBXTargetDependency;
			target = FEE14E2C2D7F829C0056499D /* iAssistApp */;
			targetProxy = FEE14E3E2D7F82A30056499D /* PBXContainerItemProxy */;
		};
		FEE14E492D7F82A30056499D /* PBXTargetDependency */ = {
			isa = PBXTargetDependency;
			target = FEE14E2C2D7F829C0056499D /* iAssistApp */;
			targetProxy = FEE14E482D7F82A30056499D /* PBXContainerItemProxy */;
		};
/* End PBXTargetDependency section */

/* Begin XCBuildConfiguration section */
		FEE14E4F2D7F82A30056499D /* Debug */ = {
			isa = XCBuildConfiguration;
			buildSettings = {
				ALWAYS_SEARCH_USER_PATHS = NO;
				ASSETCATALOG_COMPILER_GENERATE_SWIFT_ASSET_SYMBOL_EXTENSIONS = YES;
				CLANG_ANALYZER_NONNULL = YES;
				CLANG_ANALYZER_NUMBER_OBJECT_CONVERSION = YES_AGGRESSIVE;
				CLANG_CXX_LANGUAGE_STANDARD = "gnu++20";
				CLANG_ENABLE_MODULES = YES;
				CLANG_ENABLE_OBJC_ARC = YES;
				CLANG_ENABLE_OBJC_WEAK = YES;
				CLANG_WARN_BLOCK_CAPTURE_AUTORELEASING = YES;
				CLANG_WARN_BOOL_CONVERSION = YES;
				CLANG_WARN_COMMA = YES;
				CLANG_WARN_CONSTANT_CONVERSION = YES;
				CLANG_WARN_DEPRECATED_OBJC_IMPLEMENTATIONS = YES;
				CLANG_WARN_DIRECT_OBJC_ISA_USAGE = YES_ERROR;
				CLANG_WARN_DOCUMENTATION_COMMENTS = YES;
				CLANG_WARN_EMPTY_BODY = YES;
				CLANG_WARN_ENUM_CONVERSION = YES;
				CLANG_WARN_INFINITE_RECURSION = YES;
				CLANG_WARN_INT_CONVERSION = YES;
				CLANG_WARN_NON_LITERAL_NULL_CONVERSION = YES;
				CLANG_WARN_OBJC_IMPLICIT_RETAIN_SELF = YES;
				CLANG_WARN_OBJC_LITERAL_CONVERSION = YES;
				CLANG_WARN_OBJC_ROOT_CLASS = YES_ERROR;
				CLANG_WARN_QUOTED_INCLUDE_IN_FRAMEWORK_HEADER = YES;
				CLANG_WARN_RANGE_LOOP_ANALYSIS = YES;
				CLANG_WARN_STRICT_PROTOTYPES = YES;
				CLANG_WARN_SUSPICIOUS_MOVE = YES;
				CLANG_WARN_UNGUARDED_AVAILABILITY = YES_AGGRESSIVE;
				CLANG_WARN_UNREACHABLE_CODE = YES;
				CLANG_WARN__DUPLICATE_METHOD_MATCH = YES;
				COPY_PHASE_STRIP = NO;
				DEBUG_INFORMATION_FORMAT = dwarf;
				ENABLE_STRICT_OBJC_MSGSEND = YES;
				ENABLE_TESTABILITY = YES;
				ENABLE_USER_SCRIPT_SANDBOXING = YES;
				GCC_C_LANGUAGE_STANDARD = gnu17;
				GCC_DYNAMIC_NO_PIC = NO;
				GCC_NO_COMMON_BLOCKS = YES;
				GCC_OPTIMIZATION_LEVEL = 0;
				GCC_PREPROCESSOR_DEFINITIONS = (
					"DEBUG=1",
					"$(inherited)",
				);
				GCC_WARN_64_TO_32_BIT_CONVERSION = YES;
				GCC_WARN_ABOUT_RETURN_TYPE = YES_ERROR;
				GCC_WARN_UNDECLARED_SELECTOR = YES;
				GCC_WARN_UNINITIALIZED_AUTOS = YES_AGGRESSIVE;
				GCC_WARN_UNUSED_FUNCTION = YES;
				GCC_WARN_UNUSED_VARIABLE = YES;
				IPHONEOS_DEPLOYMENT_TARGET = 18.2;
				LOCALIZATION_PREFERS_STRING_CATALOGS = YES;
				MTL_ENABLE_DEBUG_INFO = INCLUDE_SOURCE;
				MTL_FAST_MATH = YES;
				ONLY_ACTIVE_ARCH = YES;
				SDKROOT = iphoneos;
				SWIFT_ACTIVE_COMPILATION_CONDITIONS = "DEBUG $(inherited)";
				SWIFT_OPTIMIZATION_LEVEL = "-Onone";
			};
			name = Debug;
		};
		FEE14E502D7F82A30056499D /* Release */ = {
			isa = XCBuildConfiguration;
			buildSettings = {
				ALWAYS_SEARCH_USER_PATHS = NO;
				ASSETCATALOG_COMPILER_GENERATE_SWIFT_ASSET_SYMBOL_EXTENSIONS = YES;
				CLANG_ANALYZER_NONNULL = YES;
				CLANG_ANALYZER_NUMBER_OBJECT_CONVERSION = YES_AGGRESSIVE;
				CLANG_CXX_LANGUAGE_STANDARD = "gnu++20";
				CLANG_ENABLE_MODULES = YES;
				CLANG_ENABLE_OBJC_ARC = YES;
				CLANG_ENABLE_OBJC_WEAK = YES;
				CLANG_WARN_BLOCK_CAPTURE_AUTORELEASING = YES;
				CLANG_WARN_BOOL_CONVERSION = YES;
				CLANG_WARN_COMMA = YES;
				CLANG_WARN_CONSTANT_CONVERSION = YES;
				CLANG_WARN_DEPRECATED_OBJC_IMPLEMENTATIONS = YES;
				CLANG_WARN_DIRECT_OBJC_ISA_USAGE = YES_ERROR;
				CLANG_WARN_DOCUMENTATION_COMMENTS = YES;
				CLANG_WARN_EMPTY_BODY = YES;
				CLANG_WARN_ENUM_CONVERSION = YES;
				CLANG_WARN_INFINITE_RECURSION = YES;
				CLANG_WARN_INT_CONVERSION = YES;
				CLANG_WARN_NON_LITERAL_NULL_CONVERSION = YES;
				CLANG_WARN_OBJC_IMPLICIT_RETAIN_SELF = YES;
				CLANG_WARN_OBJC_LITERAL_CONVERSION = YES;
				CLANG_WARN_OBJC_ROOT_CLASS = YES_ERROR;
				CLANG_WARN_QUOTED_INCLUDE_IN_FRAMEWORK_HEADER = YES;
				CLANG_WARN_RANGE_LOOP_ANALYSIS = YES;
				CLANG_WARN_STRICT_PROTOTYPES = YES;
				CLANG_WARN_SUSPICIOUS_MOVE = YES;
				CLANG_WARN_UNGUARDED_AVAILABILITY = YES_AGGRESSIVE;
				CLANG_WARN_UNREACHABLE_CODE = YES;
				CLANG_WARN__DUPLICATE_METHOD_MATCH = YES;
				COPY_PHASE_STRIP = NO;
				DEBUG_INFORMATION_FORMAT = "dwarf-with-dsym";
				ENABLE_NS_ASSERTIONS = NO;
				ENABLE_STRICT_OBJC_MSGSEND = YES;
				ENABLE_USER_SCRIPT_SANDBOXING = YES;
				GCC_C_LANGUAGE_STANDARD = gnu17;
				GCC_NO_COMMON_BLOCKS = YES;
				GCC_WARN_64_TO_32_BIT_CONVERSION = YES;
				GCC_WARN_ABOUT_RETURN_TYPE = YES_ERROR;
				GCC_WARN_UNDECLARED_SELECTOR = YES;
				GCC_WARN_UNINITIALIZED_AUTOS = YES_AGGRESSIVE;
				GCC_WARN_UNUSED_FUNCTION = YES;
				GCC_WARN_UNUSED_VARIABLE = YES;
				IPHONEOS_DEPLOYMENT_TARGET = 18.2;
				LOCALIZATION_PREFERS_STRING_CATALOGS = YES;
				MTL_ENABLE_DEBUG_INFO = NO;
				MTL_FAST_MATH = YES;
				SDKROOT = iphoneos;
				SWIFT_COMPILATION_MODE = wholemodule;
				VALIDATE_PRODUCT = YES;
			};
			name = Release;
		};
		FEE14E522D7F82A30056499D /* Debug */ = {
			isa = XCBuildConfiguration;
			buildSettings = {
				ASSETCATALOG_COMPILER_APPICON_NAME = AppIcon;
				ASSETCATALOG_COMPILER_GLOBAL_ACCENT_COLOR_NAME = AccentColor;
				CODE_SIGN_STYLE = Automatic;
				CURRENT_PROJECT_VERSION = 1;
				DEVELOPMENT_ASSET_PATHS = "\"iAssistApp/Preview Content\"";
				DEVELOPMENT_TEAM = 59J472FUWT;
				ENABLE_PREVIEWS = YES;
				GENERATE_INFOPLIST_FILE = YES;
				INFOPLIST_FILE = iAssistApp/Info.plist;
				INFOPLIST_KEY_UIApplicationSceneManifest_Generation = YES;
				INFOPLIST_KEY_UIApplicationSupportsIndirectInputEvents = YES;
				INFOPLIST_KEY_UILaunchScreen_Generation = YES;
				INFOPLIST_KEY_UISupportedInterfaceOrientations_iPad = "UIInterfaceOrientationPortrait UIInterfaceOrientationPortraitUpsideDown UIInterfaceOrientationLandscapeLeft UIInterfaceOrientationLandscapeRight";
				INFOPLIST_KEY_UISupportedInterfaceOrientations_iPhone = "UIInterfaceOrientationPortrait UIInterfaceOrientationLandscapeLeft UIInterfaceOrientationLandscapeRight";
				LD_RUNPATH_SEARCH_PATHS = (
					"$(inherited)",
					"@executable_path/Frameworks",
				);
				MARKETING_VERSION = 1.0;
				PRODUCT_BUNDLE_IDENTIFIER = com.example..iAssistApp;
				PRODUCT_NAME = "$(TARGET_NAME)";
				SWIFT_EMIT_LOC_STRINGS = YES;
				SWIFT_VERSION = 5.0;
				TARGETED_DEVICE_FAMILY = "1,2";
			};
			name = Debug;
		};
		FEE14E532D7F82A30056499D /* Release */ = {
			isa = XCBuildConfiguration;
			buildSettings = {
				ASSETCATALOG_COMPILER_APPICON_NAME = AppIcon;
				ASSETCATALOG_COMPILER_GLOBAL_ACCENT_COLOR_NAME = AccentColor;
				CODE_SIGN_STYLE = Automatic;
				CURRENT_PROJECT_VERSION = 1;
				DEVELOPMENT_ASSET_PATHS = "\"iAssistApp/Preview Content\"";
				DEVELOPMENT_TEAM = 59J472FUWT;
				ENABLE_PREVIEWS = YES;
				GENERATE_INFOPLIST_FILE = YES;
				INFOPLIST_FILE = iAssistApp/Info.plist;
				INFOPLIST_KEY_UIApplicationSceneManifest_Generation = YES;
				INFOPLIST_KEY_UIApplicationSupportsIndirectInputEvents = YES;
				INFOPLIST_KEY_UILaunchScreen_Generation = YES;
				INFOPLIST_KEY_UISupportedInterfaceOrientations_iPad = "UIInterfaceOrientationPortrait UIInterfaceOrientationPortraitUpsideDown UIInterfaceOrientationLandscapeLeft UIInterfaceOrientationLandscapeRight";
				INFOPLIST_KEY_UISupportedInterfaceOrientations_iPhone = "UIInterfaceOrientationPortrait UIInterfaceOrientationLandscapeLeft UIInterfaceOrientationLandscapeRight";
				LD_RUNPATH_SEARCH_PATHS = (
					"$(inherited)",
					"@executable_path/Frameworks",
				);
				MARKETING_VERSION = 1.0;
				PRODUCT_BUNDLE_IDENTIFIER = com.example..iAssistApp;
				PRODUCT_NAME = "$(TARGET_NAME)";
				SWIFT_EMIT_LOC_STRINGS = YES;
				SWIFT_VERSION = 5.0;
				TARGETED_DEVICE_FAMILY = "1,2";
			};
			name = Release;
		};
		FEE14E552D7F82A30056499D /* Debug */ = {
			isa = XCBuildConfiguration;
			buildSettings = {
				BUNDLE_LOADER = "$(TEST_HOST)";
				CODE_SIGN_STYLE = Automatic;
				CURRENT_PROJECT_VERSION = 1;
				GENERATE_INFOPLIST_FILE = YES;
				IPHONEOS_DEPLOYMENT_TARGET = 18.2;
				MARKETING_VERSION = 1.0;
				PRODUCT_BUNDLE_IDENTIFIER = com.example..iAssistAppTests;
				PRODUCT_NAME = "$(TARGET_NAME)";
				SWIFT_EMIT_LOC_STRINGS = NO;
				SWIFT_VERSION = 5.0;
				TARGETED_DEVICE_FAMILY = "1,2";
				TEST_HOST = "$(BUILT_PRODUCTS_DIR)/iAssistApp.app/$(BUNDLE_EXECUTABLE_FOLDER_PATH)/iAssistApp";
			};
			name = Debug;
		};
		FEE14E562D7F82A30056499D /* Release */ = {
			isa = XCBuildConfiguration;
			buildSettings = {
				BUNDLE_LOADER = "$(TEST_HOST)";
				CODE_SIGN_STYLE = Automatic;
				CURRENT_PROJECT_VERSION = 1;
				GENERATE_INFOPLIST_FILE = YES;
				IPHONEOS_DEPLOYMENT_TARGET = 18.2;
				MARKETING_VERSION = 1.0;
				PRODUCT_BUNDLE_IDENTIFIER = com.example..iAssistAppTests;
				PRODUCT_NAME = "$(TARGET_NAME)";
				SWIFT_EMIT_LOC_STRINGS = NO;
				SWIFT_VERSION = 5.0;
				TARGETED_DEVICE_FAMILY = "1,2";
				TEST_HOST = "$(BUILT_PRODUCTS_DIR)/iAssistApp.app/$(BUNDLE_EXECUTABLE_FOLDER_PATH)/iAssistApp";
			};
			name = Release;
		};
		FEE14E582D7F82A30056499D /* Debug */ = {
			isa = XCBuildConfiguration;
			buildSettings = {
				CODE_SIGN_STYLE = Automatic;
				CURRENT_PROJECT_VERSION = 1;
				GENERATE_INFOPLIST_FILE = YES;
				MARKETING_VERSION = 1.0;
				PRODUCT_BUNDLE_IDENTIFIER = com.example..iAssistAppUITests;
				PRODUCT_NAME = "$(TARGET_NAME)";
				SWIFT_EMIT_LOC_STRINGS = NO;
				SWIFT_VERSION = 5.0;
				TARGETED_DEVICE_FAMILY = "1,2";
				TEST_TARGET_NAME = iAssistApp;
			};
			name = Debug;
		};
		FEE14E592D7F82A30056499D /* Release */ = {
			isa = XCBuildConfiguration;
			buildSettings = {
				CODE_SIGN_STYLE = Automatic;
				CURRENT_PROJECT_VERSION = 1;
				GENERATE_INFOPLIST_FILE = YES;
				MARKETING_VERSION = 1.0;
				PRODUCT_BUNDLE_IDENTIFIER = com.example..iAssistAppUITests;
				PRODUCT_NAME = "$(TARGET_NAME)";
				SWIFT_EMIT_LOC_STRINGS = NO;
				SWIFT_VERSION = 5.0;
				TARGETED_DEVICE_FAMILY = "1,2";
				TEST_TARGET_NAME = iAssistApp;
			};
			name = Release;
		};
/* End XCBuildConfiguration section */

/* Begin XCConfigurationList section */
		FEE14E282D7F829C0056499D /* Build configuration list for PBXProject "iAssistApp" */ = {
			isa = XCConfigurationList;
			buildConfigurations = (
				FEE14E4F2D7F82A30056499D /* Debug */,
				FEE14E502D7F82A30056499D /* Release */,
			);
			defaultConfigurationIsVisible = 0;
			defaultConfigurationName = Release;
		};
		FEE14E512D7F82A30056499D /* Build configuration list for PBXNativeTarget "iAssistApp" */ = {
			isa = XCConfigurationList;
			buildConfigurations = (
				FEE14E522D7F82A30056499D /* Debug */,
				FEE14E532D7F82A30056499D /* Release */,
			);
			defaultConfigurationIsVisible = 0;
			defaultConfigurationName = Release;
		};
		FEE14E542D7F82A30056499D /* Build configuration list for PBXNativeTarget "iAssistAppTests" */ = {
			isa = XCConfigurationList;
			buildConfigurations = (
				FEE14E552D7F82A30056499D /* Debug */,
				FEE14E562D7F82A30056499D /* Release */,
			);
			defaultConfigurationIsVisible = 0;
			defaultConfigurationName = Release;
		};
		FEE14E572D7F82A30056499D /* Build configuration list for PBXNativeTarget "iAssistAppUITests" */ = {
			isa = XCConfigurationList;
			buildConfigurations = (
				FEE14E582D7F82A30056499D /* Debug */,
				FEE14E592D7F82A30056499D /* Release */,
			);
			defaultConfigurationIsVisible = 0;
			defaultConfigurationName = Release;
		};
/* End XCConfigurationList section */
	};
	rootObject = FEE14E252D7F829C0056499D /* Project object */;
}
